
Microsoft Visual Studio Solution File, Format Version 12.00
# Visual Studio Version 16
VisualStudioVersion = 16.0.30717.126
MinimumVisualStudioVersion = 10.0.40219.1
Project("{9A19103F-16F7-4668-BE54-9A1E7A4F7556}") = "EFCoreWebAPI", "EFCoreWebAPI\EFCoreWebAPI.csproj", "{98D95E0C-99B9-443A-9150-AD618BBD61E1}"
EndProject
Project("{FAE04EC0-301F-11D3-BF4B-00C04F79EFBC}") = "EFCoreWebAPIDomain", "EFCoreWebAPIDomain\EFCoreWebAPIDomain.csproj", "{05E46E62-0490-4FD7-8F04-6D066B86AEA5}"
EndProject
Project("{FAE04EC0-301F-11D3-BF4B-00C04F79EFBC}") = "EFCoreWebAPIRepository", "EFCoreWebAPIRepository\EFCoreWebAPIRepository.csproj", "{8AC111DE-052B-48E9-BB55-3D2C9E55B816}"
EndProject
Global
	GlobalSection(SolutionConfigurationPlatforms) = preSolution
		Debug|Any CPU = Debug|Any CPU
		Release|Any CPU = Release|Any CPU
	EndGlobalSection
	GlobalSection(ProjectConfigurationPlatforms) = postSolution
		{98D95E0C-99B9-443A-9150-AD618BBD61E1}.Debug|Any CPU.ActiveCfg = Debug|Any CPU
		{98D95E0C-99B9-443A-9150-AD618BBD61E1}.Debug|Any CPU.Build.0 = Debug|Any CPU
		{98D95E0C-99B9-443A-9150-AD618BBD61E1}.Release|Any CPU.ActiveCfg = Release|Any CPU
		{98D95E0C-99B9-443A-9150-AD618BBD61E1}.Release|Any CPU.Build.0 = Release|Any CPU
		{05E46E62-0490-4FD7-8F04-6D066B86AEA5}.Debug|Any CPU.ActiveCfg = Debug|Any CPU
		{05E46E62-0490-4FD7-8F04-6D066B86AEA5}.Debug|Any CPU.Build.0 = Debug|Any CPU
		{05E46E62-0490-4FD7-8F04-6D066B86AEA5}.Release|Any CPU.ActiveCfg = Release|Any CPU
		{05E46E62-0490-4FD7-8F04-6D066B86AEA5}.Release|Any CPU.Build.0 = Release|Any CPU
		{8AC111DE-052B-48E9-BB55-3D2C9E55B816}.Debug|Any CPU.ActiveCfg = Debug|Any CPU
		{8AC111DE-052B-48E9-BB55-3D2C9E55B816}.Debug|Any CPU.Build.0 = Debug|Any CPU
		{8AC111DE-052B-48E9-BB55-3D2C9E55B816}.Release|Any CPU.ActiveCfg = Release|Any CPU
		{8AC111DE-052B-48E9-BB55-3D2C9E55B816}.Release|Any CPU.Build.0 = Release|Any CPU
	EndGlobalSection
	GlobalSection(SolutionProperties) = preSolution
		HideSolutionNode = FALSE
	EndGlobalSection
	GlobalSection(ExtensibilityGlobals) = postSolution
		SolutionGuid = {72DDEA45-F405-4F4A-97BD-04CCC9EB0B32}
	EndGlobalSection
EndGlobal
